
Microsoft Visual Studio Solution File, Format Version 12.00
# Visual Studio Version 17
VisualStudioVersion = 17.11.35312.102
MinimumVisualStudioVersion = 10.0.40219.1
Project("{FAE04EC0-301F-11D3-BF4B-00C04F79EFBC}") = "Entities", "Entities\Entities.csproj", "{385122BA-5C43-4EAD-B297-D7F4E401B99D}"
EndProject
Project("{FAE04EC0-301F-11D3-BF4B-00C04F79EFBC}") = "DataAccess", "DataAccess\DataAccess.csproj", "{38D415BB-1650-4F77-8765-D9F490DBB83D}"
EndProject
Project("{FAE04EC0-301F-11D3-BF4B-00C04F79EFBC}") = "Business", "Business\Business.csproj", "{84DFF33E-03BD-4512-928A-D5E44B4D1E7C}"
EndProject
Project("{FAE04EC0-301F-11D3-BF4B-00C04F79EFBC}") = "ConsoleUI", "ConsoleUI\ConsoleUI.csproj", "{0D95355B-F64B-4DFC-80F2-38F034F70B20}"
EndProject
Global
	GlobalSection(SolutionConfigurationPlatforms) = preSolution
		Debug|Any CPU = Debug|Any CPU
		Release|Any CPU = Release|Any CPU
	EndGlobalSection
	GlobalSection(ProjectConfigurationPlatforms) = postSolution
		{385122BA-5C43-4EAD-B297-D7F4E401B99D}.Debug|Any CPU.ActiveCfg = Debug|Any CPU
		{385122BA-5C43-4EAD-B297-D7F4E401B99D}.Debug|Any CPU.Build.0 = Debug|Any CPU
		{385122BA-5C43-4EAD-B297-D7F4E401B99D}.Release|Any CPU.ActiveCfg = Release|Any CPU
		{385122BA-5C43-4EAD-B297-D7F4E401B99D}.Release|Any CPU.Build.0 = Release|Any CPU
		{38D415BB-1650-4F77-8765-D9F490DBB83D}.Debug|Any CPU.ActiveCfg = Debug|Any CPU
		{38D415BB-1650-4F77-8765-D9F490DBB83D}.Debug|Any CPU.Build.0 = Debug|Any CPU
		{38D415BB-1650-4F77-8765-D9F490DBB83D}.Release|Any CPU.ActiveCfg = Release|Any CPU
		{38D415BB-1650-4F77-8765-D9F490DBB83D}.Release|Any CPU.Build.0 = Release|Any CPU
		{84DFF33E-03BD-4512-928A-D5E44B4D1E7C}.Debug|Any CPU.ActiveCfg = Debug|Any CPU
		{84DFF33E-03BD-4512-928A-D5E44B4D1E7C}.Debug|Any CPU.Build.0 = Debug|Any CPU
		{84DFF33E-03BD-4512-928A-D5E44B4D1E7C}.Release|Any CPU.ActiveCfg = Release|Any CPU
		{84DFF33E-03BD-4512-928A-D5E44B4D1E7C}.Release|Any CPU.Build.0 = Release|Any CPU
		{0D95355B-F64B-4DFC-80F2-38F034F70B20}.Debug|Any CPU.ActiveCfg = Debug|Any CPU
		{0D95355B-F64B-4DFC-80F2-38F034F70B20}.Debug|Any CPU.Build.0 = Debug|Any CPU
		{0D95355B-F64B-4DFC-80F2-38F034F70B20}.Release|Any CPU.ActiveCfg = Release|Any CPU
		{0D95355B-F64B-4DFC-80F2-38F034F70B20}.Release|Any CPU.Build.0 = Release|Any CPU
	EndGlobalSection
	GlobalSection(SolutionProperties) = preSolution
		HideSolutionNode = FALSE
	EndGlobalSection
	GlobalSection(ExtensibilityGlobals) = postSolution
		SolutionGuid = {B8CC31B4-FA06-40E4-A216-1D5476768891}
	EndGlobalSection
EndGlobal
